
Microsoft Visual Studio Solution File, Format Version 12.00
# Visual Studio Version 17
VisualStudioVersion = 17.11.35005.142
MinimumVisualStudioVersion = 10.0.40219.1
Project("{FAE04EC0-301F-11D3-BF4B-00C04F79EFBC}") = "Lab.VitePwa-DotNet", "Lab.VitePwa-DotNet\Lab.VitePwa-DotNet.csproj", "{3D0BF2FB-9766-44BD-B1C6-BABAD6DC447D}"
EndProject
Global
	GlobalSection(SolutionConfigurationPlatforms) = preSolution
		Debug|Any CPU = Debug|Any CPU
		Release|Any CPU = Release|Any CPU
	EndGlobalSection
	GlobalSection(ProjectConfigurationPlatforms) = postSolution
		{3D0BF2FB-9766-44BD-B1C6-BABAD6DC447D}.Debug|Any CPU.ActiveCfg = Debug|Any CPU
		{3D0BF2FB-9766-44BD-B1C6-BABAD6DC447D}.Debug|Any CPU.Build.0 = Debug|Any CPU
		{3D0BF2FB-9766-44BD-B1C6-BABAD6DC447D}.Release|Any CPU.ActiveCfg = Release|Any CPU
		{3D0BF2FB-9766-44BD-B1C6-BABAD6DC447D}.Release|Any CPU.Build.0 = Release|Any CPU
	EndGlobalSection
	GlobalSection(SolutionProperties) = preSolution
		HideSolutionNode = FALSE
	EndGlobalSection
	GlobalSection(ExtensibilityGlobals) = postSolution
		SolutionGuid = {82305DF0-F580-46FA-907D-C5E86544C94B}
	EndGlobalSection
EndGlobal
